// !$*UTF8*$!
{
	archiveVersion = 1;
	classes = {
	};
	objectVersion = 56;
	objects = {

/* Begin PBXBuildFile section */
		3E0F08B4C4D7ECB86B6200FB /* AmplifyModels.swift in Sources */ = {isa = PBXBuildFile; fileRef = F0B0DB6986570EF8833357F8 /* AmplifyModels.swift */; };
		44ED5840EF91D6DB5D5E37A5 /* Note.swift in Sources */ = {isa = PBXBuildFile; fileRef = 96706F484E6017EF8D4AA1AC /* Note.swift */; };
		4BD1D71E2C20EDD2000BCD6F /* Golf_AppApp.swift in Sources */ = {isa = PBXBuildFile; fileRef = 4BD1D71D2C20EDD2000BCD6F /* Golf_AppApp.swift */; };
		4BD1D7202C20EDD2000BCD6F /* ContentView.swift in Sources */ = {isa = PBXBuildFile; fileRef = 4BD1D71F2C20EDD2000BCD6F /* ContentView.swift */; };
		4BD1D7222C20EDD3000BCD6F /* Assets.xcassets in Resources */ = {isa = PBXBuildFile; fileRef = 4BD1D7212C20EDD3000BCD6F /* Assets.xcassets */; };
		4BD1D7252C20EDD3000BCD6F /* Preview Assets.xcassets in Resources */ = {isa = PBXBuildFile; fileRef = 4BD1D7242C20EDD3000BCD6F /* Preview Assets.xcassets */; };
		4BD1D72F2C20EDD4000BCD6F /* Golf_AppTests.swift in Sources */ = {isa = PBXBuildFile; fileRef = 4BD1D72E2C20EDD4000BCD6F /* Golf_AppTests.swift */; };
		4BD1D7392C20EDD4000BCD6F /* Golf_AppUITests.swift in Sources */ = {isa = PBXBuildFile; fileRef = 4BD1D7382C20EDD4000BCD6F /* Golf_AppUITests.swift */; };
		4BD1D73B2C20EDD4000BCD6F /* Golf_AppUITestsLaunchTests.swift in Sources */ = {isa = PBXBuildFile; fileRef = 4BD1D73A2C20EDD4000BCD6F /* Golf_AppUITestsLaunchTests.swift */; };
		4BD1D74A2C20EE4E000BCD6F /* NoteView.swift in Sources */ = {isa = PBXBuildFile; fileRef = 4BD1D7492C20EE4E000BCD6F /* NoteView.swift */; };
		4BD1D74C2C20EE7D000BCD6F /* NotesView.swift in Sources */ = {isa = PBXBuildFile; fileRef = 4BD1D74B2C20EE7D000BCD6F /* NotesView.swift */; };
		4BD1D74F2C20F4D7000BCD6F /* Amplify in Frameworks */ = {isa = PBXBuildFile; productRef = 4BD1D74E2C20F4D7000BCD6F /* Amplify */; };
		4BD1D7522C20F757000BCD6F /* AWSCognitoAuthPlugin in Frameworks */ = {isa = PBXBuildFile; productRef = 4BD1D7512C20F757000BCD6F /* AWSCognitoAuthPlugin */; };
		4BD1D7552C20F7ED000BCD6F /* AuthenticationService.swift .swift in Sources */ = {isa = PBXBuildFile; fileRef = 4BD1D7542C20F7ED000BCD6F /* AuthenticationService.swift .swift */; };
		4BD1D7572C20F80A000BCD6F /* LandingView.swift in Sources */ = {isa = PBXBuildFile; fileRef = 4BD1D7562C20F80A000BCD6F /* LandingView.swift */; };
		4BD1D7592C20FF4A000BCD6F /* AWSAPIPlugin in Frameworks */ = {isa = PBXBuildFile; productRef = 4BD1D7582C20FF4A000BCD6F /* AWSAPIPlugin */; };
		4BD1D75B2C20FF8D000BCD6F /* NotesService.swift in Sources */ = {isa = PBXBuildFile; fileRef = 4BD1D75A2C20FF8D000BCD6F /* NotesService.swift */; };
		4BD1D75D2C20FFE0000BCD6F /* SaveNoteView.swift in Sources */ = {isa = PBXBuildFile; fileRef = 4BD1D75C2C20FFE0000BCD6F /* SaveNoteView.swift */; };
		4BD1D75F2C2100E1000BCD6F /* AWSS3StoragePlugin in Frameworks */ = {isa = PBXBuildFile; productRef = 4BD1D75E2C2100E1000BCD6F /* AWSS3StoragePlugin */; };
		4BD1D7612C21011E000BCD6F /* StorageService.swift in Sources */ = {isa = PBXBuildFile; fileRef = 4BD1D7602C21011E000BCD6F /* StorageService.swift */; };
		4BD1D7632C210139000BCD6F /* RemoteImage.swift in Sources */ = {isa = PBXBuildFile; fileRef = 4BD1D7622C210139000BCD6F /* RemoteImage.swift */; };
		4BD1D7652C21019A000BCD6F /* PicturePicker.swift in Sources */ = {isa = PBXBuildFile; fileRef = 4BD1D7642C21019A000BCD6F /* PicturePicker.swift */; };
		A10039C38E1087D40E1C45FD /* Note+Schema.swift in Sources */ = {isa = PBXBuildFile; fileRef = 8C238117988134655A3B3BE1 /* Note+Schema.swift */; };
		B6AF3BB854D428159C7D8EA6 /* amplifyconfiguration.json in Resources */ = {isa = PBXBuildFile; fileRef = 12D524456F93CF6DA60F0FBD /* amplifyconfiguration.json */; };
		FDA87233030C647E6F50D9F1 /* awsconfiguration.json in Resources */ = {isa = PBXBuildFile; fileRef = E51C4C9332B95050B0E863C8 /* awsconfiguration.json */; };
/* End PBXBuildFile section */

/* Begin PBXContainerItemProxy section */
		4BD1D72B2C20EDD4000BCD6F /* PBXContainerItemProxy */ = {
			isa = PBXContainerItemProxy;
			containerPortal = 4BD1D7122C20EDD2000BCD6F /* Project object */;
			proxyType = 1;
			remoteGlobalIDString = 4BD1D7192C20EDD2000BCD6F;
			remoteInfo = "Golf App";
		};
		4BD1D7352C20EDD4000BCD6F /* PBXContainerItemProxy */ = {
			isa = PBXContainerItemProxy;
			containerPortal = 4BD1D7122C20EDD2000BCD6F /* Project object */;
			proxyType = 1;
			remoteGlobalIDString = 4BD1D7192C20EDD2000BCD6F;
			remoteInfo = "Golf App";
		};
/* End PBXContainerItemProxy section */

/* Begin PBXFileReference section */
		12D524456F93CF6DA60F0FBD /* amplifyconfiguration.json */ = {isa = PBXFileReference; explicitFileType = text.json; path = amplifyconfiguration.json; sourceTree = "<group>"; };
		4BD1D71A2C20EDD2000BCD6F /* Golf App.app */ = {isa = PBXFileReference; explicitFileType = wrapper.application; includeInIndex = 0; path = "Golf App.app"; sourceTree = BUILT_PRODUCTS_DIR; };
		4BD1D71D2C20EDD2000BCD6F /* Golf_AppApp.swift */ = {isa = PBXFileReference; lastKnownFileType = sourcecode.swift; path = Golf_AppApp.swift; sourceTree = "<group>"; };
		4BD1D71F2C20EDD2000BCD6F /* ContentView.swift */ = {isa = PBXFileReference; lastKnownFileType = sourcecode.swift; path = ContentView.swift; sourceTree = "<group>"; };
		4BD1D7212C20EDD3000BCD6F /* Assets.xcassets */ = {isa = PBXFileReference; lastKnownFileType = folder.assetcatalog; path = Assets.xcassets; sourceTree = "<group>"; };
		4BD1D7242C20EDD3000BCD6F /* Preview Assets.xcassets */ = {isa = PBXFileReference; lastKnownFileType = folder.assetcatalog; path = "Preview Assets.xcassets"; sourceTree = "<group>"; };
		4BD1D72A2C20EDD4000BCD6F /* Golf AppTests.xctest */ = {isa = PBXFileReference; explicitFileType = wrapper.cfbundle; includeInIndex = 0; path = "Golf AppTests.xctest"; sourceTree = BUILT_PRODUCTS_DIR; };
		4BD1D72E2C20EDD4000BCD6F /* Golf_AppTests.swift */ = {isa = PBXFileReference; lastKnownFileType = sourcecode.swift; path = Golf_AppTests.swift; sourceTree = "<group>"; };
		4BD1D7342C20EDD4000BCD6F /* Golf AppUITests.xctest */ = {isa = PBXFileReference; explicitFileType = wrapper.cfbundle; includeInIndex = 0; path = "Golf AppUITests.xctest"; sourceTree = BUILT_PRODUCTS_DIR; };
		4BD1D7382C20EDD4000BCD6F /* Golf_AppUITests.swift */ = {isa = PBXFileReference; lastKnownFileType = sourcecode.swift; path = Golf_AppUITests.swift; sourceTree = "<group>"; };
		4BD1D73A2C20EDD4000BCD6F /* Golf_AppUITestsLaunchTests.swift */ = {isa = PBXFileReference; lastKnownFileType = sourcecode.swift; path = Golf_AppUITestsLaunchTests.swift; sourceTree = "<group>"; };
		4BD1D7492C20EE4E000BCD6F /* NoteView.swift */ = {isa = PBXFileReference; lastKnownFileType = sourcecode.swift; path = NoteView.swift; sourceTree = "<group>"; };
		4BD1D74B2C20EE7D000BCD6F /* NotesView.swift */ = {isa = PBXFileReference; lastKnownFileType = sourcecode.swift; path = NotesView.swift; sourceTree = "<group>"; };
		4BD1D7532C20F771000BCD6F /* Golf-App-Info.plist */ = {isa = PBXFileReference; lastKnownFileType = text.plist; path = "Golf-App-Info.plist"; sourceTree = SOURCE_ROOT; };
		4BD1D7542C20F7ED000BCD6F /* AuthenticationService.swift .swift */ = {isa = PBXFileReference; lastKnownFileType = sourcecode.swift; path = "AuthenticationService.swift .swift"; sourceTree = SOURCE_ROOT; };
		4BD1D7562C20F80A000BCD6F /* LandingView.swift */ = {isa = PBXFileReference; lastKnownFileType = sourcecode.swift; path = LandingView.swift; sourceTree = "<group>"; };
		4BD1D75A2C20FF8D000BCD6F /* NotesService.swift */ = {isa = PBXFileReference; lastKnownFileType = sourcecode.swift; path = NotesService.swift; sourceTree = "<group>"; };
		4BD1D75C2C20FFE0000BCD6F /* SaveNoteView.swift */ = {isa = PBXFileReference; lastKnownFileType = sourcecode.swift; path = SaveNoteView.swift; sourceTree = "<group>"; };
		4BD1D7602C21011E000BCD6F /* StorageService.swift */ = {isa = PBXFileReference; lastKnownFileType = sourcecode.swift; path = StorageService.swift; sourceTree = "<group>"; };
		4BD1D7622C210139000BCD6F /* RemoteImage.swift */ = {isa = PBXFileReference; lastKnownFileType = sourcecode.swift; path = RemoteImage.swift; sourceTree = "<group>"; };
		4BD1D7642C21019A000BCD6F /* PicturePicker.swift */ = {isa = PBXFileReference; lastKnownFileType = sourcecode.swift; path = PicturePicker.swift; sourceTree = "<group>"; };
		8C238117988134655A3B3BE1 /* Note+Schema.swift */ = {isa = PBXFileReference; explicitFileType = sourcecode.swift; name = "Note+Schema.swift"; path = "amplify/generated/models/Note+Schema.swift"; sourceTree = "<group>"; };
		96706F484E6017EF8D4AA1AC /* Note.swift */ = {isa = PBXFileReference; explicitFileType = sourcecode.swift; name = Note.swift; path = amplify/generated/models/Note.swift; sourceTree = "<group>"; };
		E51C4C9332B95050B0E863C8 /* awsconfiguration.json */ = {isa = PBXFileReference; explicitFileType = text.json; path = awsconfiguration.json; sourceTree = "<group>"; };
		F0B0DB6986570EF8833357F8 /* AmplifyModels.swift */ = {isa = PBXFileReference; explicitFileType = sourcecode.swift; name = AmplifyModels.swift; path = amplify/generated/models/AmplifyModels.swift; sourceTree = "<group>"; };
/* End PBXFileReference section */

/* Begin PBXFrameworksBuildPhase section */
		4BD1D7172C20EDD2000BCD6F /* Frameworks */ = {
			isa = PBXFrameworksBuildPhase;
			buildActionMask = 2147483647;
			files = (
				4BD1D7592C20FF4A000BCD6F /* AWSAPIPlugin in Frameworks */,
				4BD1D74F2C20F4D7000BCD6F /* Amplify in Frameworks */,
				4BD1D7522C20F757000BCD6F /* AWSCognitoAuthPlugin in Frameworks */,
				4BD1D75F2C2100E1000BCD6F /* AWSS3StoragePlugin in Frameworks */,
			);
			runOnlyForDeploymentPostprocessing = 0;
		};
		4BD1D7272C20EDD4000BCD6F /* Frameworks */ = {
			isa = PBXFrameworksBuildPhase;
			buildActionMask = 2147483647;
			files = (
			);
			runOnlyForDeploymentPostprocessing = 0;
		};
		4BD1D7312C20EDD4000BCD6F /* Frameworks */ = {
			isa = PBXFrameworksBuildPhase;
			buildActionMask = 2147483647;
			files = (
			);
			runOnlyForDeploymentPostprocessing = 0;
		};
/* End PBXFrameworksBuildPhase section */

/* Begin PBXGroup section */
		4BD1D7112C20EDD2000BCD6F = {
			isa = PBXGroup;
			children = (
				4BD1D71C2C20EDD2000BCD6F /* Golf App */,
				4BD1D72D2C20EDD4000BCD6F /* Golf AppTests */,
				4BD1D7372C20EDD4000BCD6F /* Golf AppUITests */,
				4BD1D71B2C20EDD2000BCD6F /* Products */,
				52E298A511C5A5092FF373F5 /* AmplifyConfig */,
				4BD1D7502C20F757000BCD6F /* Frameworks */,
				87E28715CB0170D204BC3F6C /* AmplifyModels */,
			);
			sourceTree = "<group>";
		};
		4BD1D71B2C20EDD2000BCD6F /* Products */ = {
			isa = PBXGroup;
			children = (
				4BD1D71A2C20EDD2000BCD6F /* Golf App.app */,
				4BD1D72A2C20EDD4000BCD6F /* Golf AppTests.xctest */,
				4BD1D7342C20EDD4000BCD6F /* Golf AppUITests.xctest */,
			);
			name = Products;
			sourceTree = "<group>";
		};
		4BD1D71C2C20EDD2000BCD6F /* Golf App */ = {
			isa = PBXGroup;
			children = (
				4BD1D7532C20F771000BCD6F /* Golf-App-Info.plist */,
				4BD1D71D2C20EDD2000BCD6F /* Golf_AppApp.swift */,
				4BD1D7642C21019A000BCD6F /* PicturePicker.swift */,
				4BD1D7602C21011E000BCD6F /* StorageService.swift */,
				4BD1D7622C210139000BCD6F /* RemoteImage.swift */,
				4BD1D75C2C20FFE0000BCD6F /* SaveNoteView.swift */,
				4BD1D75A2C20FF8D000BCD6F /* NotesService.swift */,
				4BD1D7542C20F7ED000BCD6F /* AuthenticationService.swift .swift */,
				4BD1D7562C20F80A000BCD6F /* LandingView.swift */,
				4BD1D71F2C20EDD2000BCD6F /* ContentView.swift */,
				4BD1D7492C20EE4E000BCD6F /* NoteView.swift */,
				4BD1D74B2C20EE7D000BCD6F /* NotesView.swift */,
				4BD1D7212C20EDD3000BCD6F /* Assets.xcassets */,
				4BD1D7232C20EDD3000BCD6F /* Preview Content */,
			);
			path = "Golf App";
			sourceTree = "<group>";
		};
		4BD1D7232C20EDD3000BCD6F /* Preview Content */ = {
			isa = PBXGroup;
			children = (
				4BD1D7242C20EDD3000BCD6F /* Preview Assets.xcassets */,
			);
			path = "Preview Content";
			sourceTree = "<group>";
		};
		4BD1D72D2C20EDD4000BCD6F /* Golf AppTests */ = {
			isa = PBXGroup;
			children = (
				4BD1D72E2C20EDD4000BCD6F /* Golf_AppTests.swift */,
			);
			path = "Golf AppTests";
			sourceTree = "<group>";
		};
		4BD1D7372C20EDD4000BCD6F /* Golf AppUITests */ = {
			isa = PBXGroup;
			children = (
				4BD1D7382C20EDD4000BCD6F /* Golf_AppUITests.swift */,
				4BD1D73A2C20EDD4000BCD6F /* Golf_AppUITestsLaunchTests.swift */,
			);
			path = "Golf AppUITests";
			sourceTree = "<group>";
		};
		4BD1D7502C20F757000BCD6F /* Frameworks */ = {
			isa = PBXGroup;
			children = (
			);
			name = Frameworks;
			sourceTree = "<group>";
		};
		52E298A511C5A5092FF373F5 /* AmplifyConfig */ = {
			isa = PBXGroup;
			children = (
				E51C4C9332B95050B0E863C8 /* awsconfiguration.json */,
				12D524456F93CF6DA60F0FBD /* amplifyconfiguration.json */,
			);
			name = AmplifyConfig;
			sourceTree = "<group>";
		};
		87E28715CB0170D204BC3F6C /* AmplifyModels */ = {
			isa = PBXGroup;
			children = (
				F0B0DB6986570EF8833357F8 /* AmplifyModels.swift */,
				8C238117988134655A3B3BE1 /* Note+Schema.swift */,
				96706F484E6017EF8D4AA1AC /* Note.swift */,
			);
			name = AmplifyModels;
			sourceTree = "<group>";
		};
/* End PBXGroup section */

/* Begin PBXNativeTarget section */
		4BD1D7192C20EDD2000BCD6F /* Golf App */ = {
			isa = PBXNativeTarget;
			buildConfigurationList = 4BD1D73E2C20EDD4000BCD6F /* Build configuration list for PBXNativeTarget "Golf App" */;
			buildPhases = (
				4BD1D7162C20EDD2000BCD6F /* Sources */,
				4BD1D7172C20EDD2000BCD6F /* Frameworks */,
				4BD1D7182C20EDD2000BCD6F /* Resources */,
			);
			buildRules = (
			);
			dependencies = (
			);
			name = "Golf App";
			packageProductDependencies = (
				4BD1D74E2C20F4D7000BCD6F /* Amplify */,
				4BD1D7512C20F757000BCD6F /* AWSCognitoAuthPlugin */,
				4BD1D7582C20FF4A000BCD6F /* AWSAPIPlugin */,
				4BD1D75E2C2100E1000BCD6F /* AWSS3StoragePlugin */,
			);
			productName = "Golf App";
			productReference = 4BD1D71A2C20EDD2000BCD6F /* Golf App.app */;
			productType = "com.apple.product-type.application";
		};
		4BD1D7292C20EDD4000BCD6F /* Golf AppTests */ = {
			isa = PBXNativeTarget;
			buildConfigurationList = 4BD1D7412C20EDD4000BCD6F /* Build configuration list for PBXNativeTarget "Golf AppTests" */;
			buildPhases = (
				4BD1D7262C20EDD4000BCD6F /* Sources */,
				4BD1D7272C20EDD4000BCD6F /* Frameworks */,
				4BD1D7282C20EDD4000BCD6F /* Resources */,
			);
			buildRules = (
			);
			dependencies = (
				4BD1D72C2C20EDD4000BCD6F /* PBXTargetDependency */,
			);
			name = "Golf AppTests";
			productName = "Golf AppTests";
			productReference = 4BD1D72A2C20EDD4000BCD6F /* Golf AppTests.xctest */;
			productType = "com.apple.product-type.bundle.unit-test";
		};
		4BD1D7332C20EDD4000BCD6F /* Golf AppUITests */ = {
			isa = PBXNativeTarget;
			buildConfigurationList = 4BD1D7442C20EDD4000BCD6F /* Build configuration list for PBXNativeTarget "Golf AppUITests" */;
			buildPhases = (
				4BD1D7302C20EDD4000BCD6F /* Sources */,
				4BD1D7312C20EDD4000BCD6F /* Frameworks */,
				4BD1D7322C20EDD4000BCD6F /* Resources */,
			);
			buildRules = (
			);
			dependencies = (
				4BD1D7362C20EDD4000BCD6F /* PBXTargetDependency */,
			);
			name = "Golf AppUITests";
			productName = "Golf AppUITests";
			productReference = 4BD1D7342C20EDD4000BCD6F /* Golf AppUITests.xctest */;
			productType = "com.apple.product-type.bundle.ui-testing";
		};
/* End PBXNativeTarget section */

/* Begin PBXProject section */
		4BD1D7122C20EDD2000BCD6F /* Project object */ = {
			isa = PBXProject;
			attributes = {
				BuildIndependentTargetsInParallel = 1;
				LastSwiftUpdateCheck = 1540;
				LastUpgradeCheck = 1540;
				TargetAttributes = {
					4BD1D7192C20EDD2000BCD6F = {
						CreatedOnToolsVersion = 15.4;
					};
					4BD1D7292C20EDD4000BCD6F = {
						CreatedOnToolsVersion = 15.4;
						TestTargetID = 4BD1D7192C20EDD2000BCD6F;
					};
					4BD1D7332C20EDD4000BCD6F = {
						CreatedOnToolsVersion = 15.4;
						TestTargetID = 4BD1D7192C20EDD2000BCD6F;
					};
				};
			};
			buildConfigurationList = 4BD1D7152C20EDD2000BCD6F /* Build configuration list for PBXProject "Golf App" */;
			compatibilityVersion = "Xcode 14.0";
			developmentRegion = en;
			hasScannedForEncodings = 0;
			knownRegions = (
				en,
				Base,
			);
			mainGroup = 4BD1D7112C20EDD2000BCD6F;
			packageReferences = (
				4BD1D74D2C20F4D7000BCD6F /* XCRemoteSwiftPackageReference "amplify-swift" */,
			);
			productRefGroup = 4BD1D71B2C20EDD2000BCD6F /* Products */;
			projectDirPath = "";
			projectRoot = "";
			targets = (
				4BD1D7192C20EDD2000BCD6F /* Golf App */,
				4BD1D7292C20EDD4000BCD6F /* Golf AppTests */,
				4BD1D7332C20EDD4000BCD6F /* Golf AppUITests */,
			);
		};
/* End PBXProject section */

/* Begin PBXResourcesBuildPhase section */
		4BD1D7182C20EDD2000BCD6F /* Resources */ = {
			isa = PBXResourcesBuildPhase;
			buildActionMask = 2147483647;
			files = (
				4BD1D7252C20EDD3000BCD6F /* Preview Assets.xcassets in Resources */,
				4BD1D7222C20EDD3000BCD6F /* Assets.xcassets in Resources */,
				FDA87233030C647E6F50D9F1 /* awsconfiguration.json in Resources */,
				B6AF3BB854D428159C7D8EA6 /* amplifyconfiguration.json in Resources */,
			);
			runOnlyForDeploymentPostprocessing = 0;
		};
		4BD1D7282C20EDD4000BCD6F /* Resources */ = {
			isa = PBXResourcesBuildPhase;
			buildActionMask = 2147483647;
			files = (
			);
			runOnlyForDeploymentPostprocessing = 0;
		};
		4BD1D7322C20EDD4000BCD6F /* Resources */ = {
			isa = PBXResourcesBuildPhase;
			buildActionMask = 2147483647;
			files = (
			);
			runOnlyForDeploymentPostprocessing = 0;
		};
/* End PBXResourcesBuildPhase section */

/* Begin PBXSourcesBuildPhase section */
		4BD1D7162C20EDD2000BCD6F /* Sources */ = {
			isa = PBXSourcesBuildPhase;
			buildActionMask = 2147483647;
			files = (
				4BD1D7652C21019A000BCD6F /* PicturePicker.swift in Sources */,
				4BD1D7202C20EDD2000BCD6F /* ContentView.swift in Sources */,
				4BD1D7612C21011E000BCD6F /* StorageService.swift in Sources */,
				4BD1D71E2C20EDD2000BCD6F /* Golf_AppApp.swift in Sources */,
				4BD1D75D2C20FFE0000BCD6F /* SaveNoteView.swift in Sources */,
				4BD1D7572C20F80A000BCD6F /* LandingView.swift in Sources */,
				4BD1D75B2C20FF8D000BCD6F /* NotesService.swift in Sources */,
				4BD1D7632C210139000BCD6F /* RemoteImage.swift in Sources */,
				4BD1D74C2C20EE7D000BCD6F /* NotesView.swift in Sources */,
				4BD1D7552C20F7ED000BCD6F /* AuthenticationService.swift .swift in Sources */,
				4BD1D74A2C20EE4E000BCD6F /* NoteView.swift in Sources */,
				3E0F08B4C4D7ECB86B6200FB /* AmplifyModels.swift in Sources */,
				A10039C38E1087D40E1C45FD /* Note+Schema.swift in Sources */,
				44ED5840EF91D6DB5D5E37A5 /* Note.swift in Sources */,
			);
			runOnlyForDeploymentPostprocessing = 0;
		};
		4BD1D7262C20EDD4000BCD6F /* Sources */ = {
			isa = PBXSourcesBuildPhase;
			buildActionMask = 2147483647;
			files = (
				4BD1D72F2C20EDD4000BCD6F /* Golf_AppTests.swift in Sources */,
			);
			runOnlyForDeploymentPostprocessing = 0;
		};
		4BD1D7302C20EDD4000BCD6F /* Sources */ = {
			isa = PBXSourcesBuildPhase;
			buildActionMask = 2147483647;
			files = (
				4BD1D73B2C20EDD4000BCD6F /* Golf_AppUITestsLaunchTests.swift in Sources */,
				4BD1D7392C20EDD4000BCD6F /* Golf_AppUITests.swift in Sources */,
			);
			runOnlyForDeploymentPostprocessing = 0;
		};
/* End PBXSourcesBuildPhase section */

/* Begin PBXTargetDependency section */
		4BD1D72C2C20EDD4000BCD6F /* PBXTargetDependency */ = {
			isa = PBXTargetDependency;
			target = 4BD1D7192C20EDD2000BCD6F /* Golf App */;
			targetProxy = 4BD1D72B2C20EDD4000BCD6F /* PBXContainerItemProxy */;
		};
		4BD1D7362C20EDD4000BCD6F /* PBXTargetDependency */ = {
			isa = PBXTargetDependency;
			target = 4BD1D7192C20EDD2000BCD6F /* Golf App */;
			targetProxy = 4BD1D7352C20EDD4000BCD6F /* PBXContainerItemProxy */;
		};
/* End PBXTargetDependency section */

/* Begin XCBuildConfiguration section */
		4BD1D73C2C20EDD4000BCD6F /* Debug */ = {
			isa = XCBuildConfiguration;
			buildSettings = {
				ALWAYS_SEARCH_USER_PATHS = NO;
				ASSETCATALOG_COMPILER_GENERATE_SWIFT_ASSET_SYMBOL_EXTENSIONS = YES;
				CLANG_ANALYZER_NONNULL = YES;
				CLANG_ANALYZER_NUMBER_OBJECT_CONVERSION = YES_AGGRESSIVE;
				CLANG_CXX_LANGUAGE_STANDARD = "gnu++20";
				CLANG_ENABLE_MODULES = YES;
				CLANG_ENABLE_OBJC_ARC = YES;
				CLANG_ENABLE_OBJC_WEAK = YES;
				CLANG_WARN_BLOCK_CAPTURE_AUTORELEASING = YES;
				CLANG_WARN_BOOL_CONVERSION = YES;
				CLANG_WARN_COMMA = YES;
				CLANG_WARN_CONSTANT_CONVERSION = YES;
				CLANG_WARN_DEPRECATED_OBJC_IMPLEMENTATIONS = YES;
				CLANG_WARN_DIRECT_OBJC_ISA_USAGE = YES_ERROR;
				CLANG_WARN_DOCUMENTATION_COMMENTS = YES;
				CLANG_WARN_EMPTY_BODY = YES;
				CLANG_WARN_ENUM_CONVERSION = YES;
				CLANG_WARN_INFINITE_RECURSION = YES;
				CLANG_WARN_INT_CONVERSION = YES;
				CLANG_WARN_NON_LITERAL_NULL_CONVERSION = YES;
				CLANG_WARN_OBJC_IMPLICIT_RETAIN_SELF = YES;
				CLANG_WARN_OBJC_LITERAL_CONVERSION = YES;
				CLANG_WARN_OBJC_ROOT_CLASS = YES_ERROR;
				CLANG_WARN_QUOTED_INCLUDE_IN_FRAMEWORK_HEADER = YES;
				CLANG_WARN_RANGE_LOOP_ANALYSIS = YES;
				CLANG_WARN_STRICT_PROTOTYPES = YES;
				CLANG_WARN_SUSPICIOUS_MOVE = YES;
				CLANG_WARN_UNGUARDED_AVAILABILITY = YES_AGGRESSIVE;
				CLANG_WARN_UNREACHABLE_CODE = YES;
				CLANG_WARN__DUPLICATE_METHOD_MATCH = YES;
				COPY_PHASE_STRIP = NO;
				DEBUG_INFORMATION_FORMAT = dwarf;
				ENABLE_STRICT_OBJC_MSGSEND = YES;
				ENABLE_TESTABILITY = YES;
				ENABLE_USER_SCRIPT_SANDBOXING = YES;
				GCC_C_LANGUAGE_STANDARD = gnu17;
				GCC_DYNAMIC_NO_PIC = NO;
				GCC_NO_COMMON_BLOCKS = YES;
				GCC_OPTIMIZATION_LEVEL = 0;
				GCC_PREPROCESSOR_DEFINITIONS = (
					"DEBUG=1",
					"$(inherited)",
				);
				GCC_WARN_64_TO_32_BIT_CONVERSION = YES;
				GCC_WARN_ABOUT_RETURN_TYPE = YES_ERROR;
				GCC_WARN_UNDECLARED_SELECTOR = YES;
				GCC_WARN_UNINITIALIZED_AUTOS = YES_AGGRESSIVE;
				GCC_WARN_UNUSED_FUNCTION = YES;
				GCC_WARN_UNUSED_VARIABLE = YES;
				IPHONEOS_DEPLOYMENT_TARGET = 17.5;
				LOCALIZATION_PREFERS_STRING_CATALOGS = YES;
				MTL_ENABLE_DEBUG_INFO = INCLUDE_SOURCE;
				MTL_FAST_MATH = YES;
				ONLY_ACTIVE_ARCH = YES;
				SDKROOT = iphoneos;
				SWIFT_ACTIVE_COMPILATION_CONDITIONS = "DEBUG $(inherited)";
				SWIFT_OPTIMIZATION_LEVEL = "-Onone";
			};
			name = Debug;
		};
		4BD1D73D2C20EDD4000BCD6F /* Release */ = {
			isa = XCBuildConfiguration;
			buildSettings = {
				ALWAYS_SEARCH_USER_PATHS = NO;
				ASSETCATALOG_COMPILER_GENERATE_SWIFT_ASSET_SYMBOL_EXTENSIONS = YES;
				CLANG_ANALYZER_NONNULL = YES;
				CLANG_ANALYZER_NUMBER_OBJECT_CONVERSION = YES_AGGRESSIVE;
				CLANG_CXX_LANGUAGE_STANDARD = "gnu++20";
				CLANG_ENABLE_MODULES = YES;
				CLANG_ENABLE_OBJC_ARC = YES;
				CLANG_ENABLE_OBJC_WEAK = YES;
				CLANG_WARN_BLOCK_CAPTURE_AUTORELEASING = YES;
				CLANG_WARN_BOOL_CONVERSION = YES;
				CLANG_WARN_COMMA = YES;
				CLANG_WARN_CONSTANT_CONVERSION = YES;
				CLANG_WARN_DEPRECATED_OBJC_IMPLEMENTATIONS = YES;
				CLANG_WARN_DIRECT_OBJC_ISA_USAGE = YES_ERROR;
				CLANG_WARN_DOCUMENTATION_COMMENTS = YES;
				CLANG_WARN_EMPTY_BODY = YES;
				CLANG_WARN_ENUM_CONVERSION = YES;
				CLANG_WARN_INFINITE_RECURSION = YES;
				CLANG_WARN_INT_CONVERSION = YES;
				CLANG_WARN_NON_LITERAL_NULL_CONVERSION = YES;
				CLANG_WARN_OBJC_IMPLICIT_RETAIN_SELF = YES;
				CLANG_WARN_OBJC_LITERAL_CONVERSION = YES;
				CLANG_WARN_OBJC_ROOT_CLASS = YES_ERROR;
				CLANG_WARN_QUOTED_INCLUDE_IN_FRAMEWORK_HEADER = YES;
				CLANG_WARN_RANGE_LOOP_ANALYSIS = YES;
				CLANG_WARN_STRICT_PROTOTYPES = YES;
				CLANG_WARN_SUSPICIOUS_MOVE = YES;
				CLANG_WARN_UNGUARDED_AVAILABILITY = YES_AGGRESSIVE;
				CLANG_WARN_UNREACHABLE_CODE = YES;
				CLANG_WARN__DUPLICATE_METHOD_MATCH = YES;
				COPY_PHASE_STRIP = NO;
				DEBUG_INFORMATION_FORMAT = "dwarf-with-dsym";
				ENABLE_NS_ASSERTIONS = NO;
				ENABLE_STRICT_OBJC_MSGSEND = YES;
				ENABLE_USER_SCRIPT_SANDBOXING = YES;
				GCC_C_LANGUAGE_STANDARD = gnu17;
				GCC_NO_COMMON_BLOCKS = YES;
				GCC_WARN_64_TO_32_BIT_CONVERSION = YES;
				GCC_WARN_ABOUT_RETURN_TYPE = YES_ERROR;
				GCC_WARN_UNDECLARED_SELECTOR = YES;
				GCC_WARN_UNINITIALIZED_AUTOS = YES_AGGRESSIVE;
				GCC_WARN_UNUSED_FUNCTION = YES;
				GCC_WARN_UNUSED_VARIABLE = YES;
				IPHONEOS_DEPLOYMENT_TARGET = 17.5;
				LOCALIZATION_PREFERS_STRING_CATALOGS = YES;
				MTL_ENABLE_DEBUG_INFO = NO;
				MTL_FAST_MATH = YES;
				SDKROOT = iphoneos;
				SWIFT_COMPILATION_MODE = wholemodule;
				VALIDATE_PRODUCT = YES;
			};
			name = Release;
		};
		4BD1D73F2C20EDD4000BCD6F /* Debug */ = {
			isa = XCBuildConfiguration;
			buildSettings = {
				ASSETCATALOG_COMPILER_APPICON_NAME = AppIcon;
				ASSETCATALOG_COMPILER_GLOBAL_ACCENT_COLOR_NAME = AccentColor;
				CODE_SIGN_STYLE = Automatic;
				CURRENT_PROJECT_VERSION = 1;
				DEVELOPMENT_ASSET_PATHS = "\"Golf App/Preview Content\"";
				DEVELOPMENT_TEAM = WB4V77ZK9V;
				ENABLE_PREVIEWS = YES;
				GENERATE_INFOPLIST_FILE = YES;
				INFOPLIST_FILE = "Golf-App-Info.plist";
				INFOPLIST_KEY_UIApplicationSceneManifest_Generation = YES;
				INFOPLIST_KEY_UIApplicationSupportsIndirectInputEvents = YES;
				INFOPLIST_KEY_UILaunchScreen_Generation = YES;
				INFOPLIST_KEY_UISupportedInterfaceOrientations_iPad = "UIInterfaceOrientationPortrait UIInterfaceOrientationPortraitUpsideDown UIInterfaceOrientationLandscapeLeft UIInterfaceOrientationLandscapeRight";
				INFOPLIST_KEY_UISupportedInterfaceOrientations_iPhone = "UIInterfaceOrientationPortrait UIInterfaceOrientationLandscapeLeft UIInterfaceOrientationLandscapeRight";
				LD_RUNPATH_SEARCH_PATHS = (
					"$(inherited)",
					"@executable_path/Frameworks",
				);
				MARKETING_VERSION = 1.0;
				PRODUCT_BUNDLE_IDENTIFIER = "LxM.Golf-App";
				PRODUCT_NAME = "$(TARGET_NAME)";
				SWIFT_EMIT_LOC_STRINGS = YES;
				SWIFT_VERSION = 5.0;
				TARGETED_DEVICE_FAMILY = "1,2";
			};
			name = Debug;
		};
		4BD1D7402C20EDD4000BCD6F /* Release */ = {
			isa = XCBuildConfiguration;
			buildSettings = {
				ASSETCATALOG_COMPILER_APPICON_NAME = AppIcon;
				ASSETCATALOG_COMPILER_GLOBAL_ACCENT_COLOR_NAME = AccentColor;
				CODE_SIGN_STYLE = Automatic;
				CURRENT_PROJECT_VERSION = 1;
				DEVELOPMENT_ASSET_PATHS = "\"Golf App/Preview Content\"";
				DEVELOPMENT_TEAM = WB4V77ZK9V;
				ENABLE_PREVIEWS = YES;
				GENERATE_INFOPLIST_FILE = YES;
				INFOPLIST_FILE = "Golf-App-Info.plist";
				INFOPLIST_KEY_UIApplicationSceneManifest_Generation = YES;
				INFOPLIST_KEY_UIApplicationSupportsIndirectInputEvents = YES;
				INFOPLIST_KEY_UILaunchScreen_Generation = YES;
				INFOPLIST_KEY_UISupportedInterfaceOrientations_iPad = "UIInterfaceOrientationPortrait UIInterfaceOrientationPortraitUpsideDown UIInterfaceOrientationLandscapeLeft UIInterfaceOrientationLandscapeRight";
				INFOPLIST_KEY_UISupportedInterfaceOrientations_iPhone = "UIInterfaceOrientationPortrait UIInterfaceOrientationLandscapeLeft UIInterfaceOrientationLandscapeRight";
				LD_RUNPATH_SEARCH_PATHS = (
					"$(inherited)",
					"@executable_path/Frameworks",
				);
				MARKETING_VERSION = 1.0;
				PRODUCT_BUNDLE_IDENTIFIER = "LxM.Golf-App";
				PRODUCT_NAME = "$(TARGET_NAME)";
				SWIFT_EMIT_LOC_STRINGS = YES;
				SWIFT_VERSION = 5.0;
				TARGETED_DEVICE_FAMILY = "1,2";
			};
			name = Release;
		};
		4BD1D7422C20EDD4000BCD6F /* Debug */ = {
			isa = XCBuildConfiguration;
			buildSettings = {
				ALWAYS_EMBED_SWIFT_STANDARD_LIBRARIES = YES;
				BUNDLE_LOADER = "$(TEST_HOST)";
				CODE_SIGN_STYLE = Automatic;
				CURRENT_PROJECT_VERSION = 1;
				DEVELOPMENT_TEAM = WB4V77ZK9V;
				GENERATE_INFOPLIST_FILE = YES;
				IPHONEOS_DEPLOYMENT_TARGET = 17.5;
				MARKETING_VERSION = 1.0;
				PRODUCT_BUNDLE_IDENTIFIER = "LxM.Golf-AppTests";
				PRODUCT_NAME = "$(TARGET_NAME)";
				SWIFT_EMIT_LOC_STRINGS = NO;
				SWIFT_VERSION = 5.0;
				TARGETED_DEVICE_FAMILY = "1,2";
				TEST_HOST = "$(BUILT_PRODUCTS_DIR)/Golf App.app/$(BUNDLE_EXECUTABLE_FOLDER_PATH)/Golf App";
			};
			name = Debug;
		};
		4BD1D7432C20EDD4000BCD6F /* Release */ = {
			isa = XCBuildConfiguration;
			buildSettings = {
				ALWAYS_EMBED_SWIFT_STANDARD_LIBRARIES = YES;
				BUNDLE_LOADER = "$(TEST_HOST)";
				CODE_SIGN_STYLE = Automatic;
				CURRENT_PROJECT_VERSION = 1;
				DEVELOPMENT_TEAM = WB4V77ZK9V;
				GENERATE_INFOPLIST_FILE = YES;
				IPHONEOS_DEPLOYMENT_TARGET = 17.5;
				MARKETING_VERSION = 1.0;
				PRODUCT_BUNDLE_IDENTIFIER = "LxM.Golf-AppTests";
				PRODUCT_NAME = "$(TARGET_NAME)";
				SWIFT_EMIT_LOC_STRINGS = NO;
				SWIFT_VERSION = 5.0;
				TARGETED_DEVICE_FAMILY = "1,2";
				TEST_HOST = "$(BUILT_PRODUCTS_DIR)/Golf App.app/$(BUNDLE_EXECUTABLE_FOLDER_PATH)/Golf App";
			};
			name = Release;
		};
		4BD1D7452C20EDD4000BCD6F /* Debug */ = {
			isa = XCBuildConfiguration;
			buildSettings = {
				ALWAYS_EMBED_SWIFT_STANDARD_LIBRARIES = YES;
				CODE_SIGN_STYLE = Automatic;
				CURRENT_PROJECT_VERSION = 1;
				DEVELOPMENT_TEAM = WB4V77ZK9V;
				GENERATE_INFOPLIST_FILE = YES;
				MARKETING_VERSION = 1.0;
				PRODUCT_BUNDLE_IDENTIFIER = "LxM.Golf-AppUITests";
				PRODUCT_NAME = "$(TARGET_NAME)";
				SWIFT_EMIT_LOC_STRINGS = NO;
				SWIFT_VERSION = 5.0;
				TARGETED_DEVICE_FAMILY = "1,2";
				TEST_TARGET_NAME = "Golf App";
			};
			name = Debug;
		};
		4BD1D7462C20EDD4000BCD6F /* Release */ = {
			isa = XCBuildConfiguration;
			buildSettings = {
				ALWAYS_EMBED_SWIFT_STANDARD_LIBRARIES = YES;
				CODE_SIGN_STYLE = Automatic;
				CURRENT_PROJECT_VERSION = 1;
				DEVELOPMENT_TEAM = WB4V77ZK9V;
				GENERATE_INFOPLIST_FILE = YES;
				MARKETING_VERSION = 1.0;
				PRODUCT_BUNDLE_IDENTIFIER = "LxM.Golf-AppUITests";
				PRODUCT_NAME = "$(TARGET_NAME)";
				SWIFT_EMIT_LOC_STRINGS = NO;
				SWIFT_VERSION = 5.0;
				TARGETED_DEVICE_FAMILY = "1,2";
				TEST_TARGET_NAME = "Golf App";
			};
			name = Release;
		};
/* End XCBuildConfiguration section */

/* Begin XCConfigurationList section */
		4BD1D7152C20EDD2000BCD6F /* Build configuration list for PBXProject "Golf App" */ = {
			isa = XCConfigurationList;
			buildConfigurations = (
				4BD1D73C2C20EDD4000BCD6F /* Debug */,
				4BD1D73D2C20EDD4000BCD6F /* Release */,
			);
			defaultConfigurationIsVisible = 0;
			defaultConfigurationName = Release;
		};
		4BD1D73E2C20EDD4000BCD6F /* Build configuration list for PBXNativeTarget "Golf App" */ = {
			isa = XCConfigurationList;
			buildConfigurations = (
				4BD1D73F2C20EDD4000BCD6F /* Debug */,
				4BD1D7402C20EDD4000BCD6F /* Release */,
			);
			defaultConfigurationIsVisible = 0;
			defaultConfigurationName = Release;
		};
		4BD1D7412C20EDD4000BCD6F /* Build configuration list for PBXNativeTarget "Golf AppTests" */ = {
			isa = XCConfigurationList;
			buildConfigurations = (
				4BD1D7422C20EDD4000BCD6F /* Debug */,
				4BD1D7432C20EDD4000BCD6F /* Release */,
			);
			defaultConfigurationIsVisible = 0;
			defaultConfigurationName = Release;
		};
		4BD1D7442C20EDD4000BCD6F /* Build configuration list for PBXNativeTarget "Golf AppUITests" */ = {
			isa = XCConfigurationList;
			buildConfigurations = (
				4BD1D7452C20EDD4000BCD6F /* Debug */,
				4BD1D7462C20EDD4000BCD6F /* Release */,
			);
			defaultConfigurationIsVisible = 0;
			defaultConfigurationName = Release;
		};
/* End XCConfigurationList section */

/* Begin XCRemoteSwiftPackageReference section */
		4BD1D74D2C20F4D7000BCD6F /* XCRemoteSwiftPackageReference "amplify-swift" */ = {
			isa = XCRemoteSwiftPackageReference;
			repositoryURL = "https://github.com/aws-amplify/amplify-swift";
			requirement = {
				kind = upToNextMajorVersion;
				minimumVersion = 2.35.3;
			};
		};
/* End XCRemoteSwiftPackageReference section */

/* Begin XCSwiftPackageProductDependency section */
		4BD1D74E2C20F4D7000BCD6F /* Amplify */ = {
			isa = XCSwiftPackageProductDependency;
			package = 4BD1D74D2C20F4D7000BCD6F /* XCRemoteSwiftPackageReference "amplify-swift" */;
			productName = Amplify;
		};
		4BD1D7512C20F757000BCD6F /* AWSCognitoAuthPlugin */ = {
			isa = XCSwiftPackageProductDependency;
			package = 4BD1D74D2C20F4D7000BCD6F /* XCRemoteSwiftPackageReference "amplify-swift" */;
			productName = AWSCognitoAuthPlugin;
		};
		4BD1D7582C20FF4A000BCD6F /* AWSAPIPlugin */ = {
			isa = XCSwiftPackageProductDependency;
			package = 4BD1D74D2C20F4D7000BCD6F /* XCRemoteSwiftPackageReference "amplify-swift" */;
			productName = AWSAPIPlugin;
		};
		4BD1D75E2C2100E1000BCD6F /* AWSS3StoragePlugin */ = {
			isa = XCSwiftPackageProductDependency;
			package = 4BD1D74D2C20F4D7000BCD6F /* XCRemoteSwiftPackageReference "amplify-swift" */;
			productName = AWSS3StoragePlugin;
		};
/* End XCSwiftPackageProductDependency section */
	};
	rootObject = 4BD1D7122C20EDD2000BCD6F /* Project object */;
}
